
Microsoft Visual Studio Solution File, Format Version 12.00
# Visual Studio Version 17
VisualStudioVersion = 17.8.34330.188
MinimumVisualStudioVersion = 10.0.40219.1
Project("{9A19103F-16F7-4668-BE54-9A1E7A4F7556}") = "ChatServer", "..\ChatServer\ChatServer.csproj", "{667AA97C-1935-464D-9D41-A5B7AAB6BC4F}"
EndProject
Project("{9A19103F-16F7-4668-BE54-9A1E7A4F7556}") = "ChatClient", "ChatClient.csproj", "{5A3A76DA-71FA-4C69-B45D-69047F2C9039}"
EndProject
Global
	GlobalSection(SolutionConfigurationPlatforms) = preSolution
		Debug|Any CPU = Debug|Any CPU
		Release|Any CPU = Release|Any CPU
	EndGlobalSection
	GlobalSection(ProjectConfigurationPlatforms) = postSolution
		{667AA97C-1935-464D-9D41-A5B7AAB6BC4F}.Debug|Any CPU.ActiveCfg = Debug|Any CPU
		{667AA97C-1935-464D-9D41-A5B7AAB6BC4F}.Debug|Any CPU.Build.0 = Debug|Any CPU
		{667AA97C-1935-464D-9D41-A5B7AAB6BC4F}.Release|Any CPU.ActiveCfg = Release|Any CPU
		{667AA97C-1935-464D-9D41-A5B7AAB6BC4F}.Release|Any CPU.Build.0 = Release|Any CPU
		{5A3A76DA-71FA-4C69-B45D-69047F2C9039}.Debug|Any CPU.ActiveCfg = Debug|Any CPU
		{5A3A76DA-71FA-4C69-B45D-69047F2C9039}.Debug|Any CPU.Build.0 = Debug|Any CPU
		{5A3A76DA-71FA-4C69-B45D-69047F2C9039}.Release|Any CPU.ActiveCfg = Release|Any CPU
		{5A3A76DA-71FA-4C69-B45D-69047F2C9039}.Release|Any CPU.Build.0 = Release|Any CPU
	EndGlobalSection
	GlobalSection(SolutionProperties) = preSolution
		HideSolutionNode = FALSE
	EndGlobalSection
	GlobalSection(ExtensibilityGlobals) = postSolution
		SolutionGuid = {B2230E77-986D-4247-8193-A0032A91C87B}
	EndGlobalSection
EndGlobal
