
Microsoft Visual Studio Solution File, Format Version 12.00
# Visual Studio Version 17
VisualStudioVersion = 17.8.34330.188
MinimumVisualStudioVersion = 10.0.40219.1
Project("{FAE04EC0-301F-11D3-BF4B-00C04F79EFBC}") = "SuperHeroesApi", "SuperHeroesApi\SuperHeroesApi.csproj", "{80904014-5706-47B1-A118-991AEB87DDBD}"
EndProject
Global
	GlobalSection(SolutionConfigurationPlatforms) = preSolution
		Debug|Any CPU = Debug|Any CPU
		Release|Any CPU = Release|Any CPU
	EndGlobalSection
	GlobalSection(ProjectConfigurationPlatforms) = postSolution
		{80904014-5706-47B1-A118-991AEB87DDBD}.Debug|Any CPU.ActiveCfg = Debug|Any CPU
		{80904014-5706-47B1-A118-991AEB87DDBD}.Debug|Any CPU.Build.0 = Debug|Any CPU
		{80904014-5706-47B1-A118-991AEB87DDBD}.Release|Any CPU.ActiveCfg = Release|Any CPU
		{80904014-5706-47B1-A118-991AEB87DDBD}.Release|Any CPU.Build.0 = Release|Any CPU
	EndGlobalSection
	GlobalSection(SolutionProperties) = preSolution
		HideSolutionNode = FALSE
	EndGlobalSection
	GlobalSection(ExtensibilityGlobals) = postSolution
		SolutionGuid = {9AC79307-E2D2-4DB3-BC40-33CD27F2E580}
	EndGlobalSection
EndGlobal
