
Microsoft Visual Studio Solution File, Format Version 12.00
# Visual Studio Version 17
VisualStudioVersion = 17.8.34330.188
MinimumVisualStudioVersion = 10.0.40219.1
Project("{FAE04EC0-301F-11D3-BF4B-00C04F79EFBC}") = "IOstreams", "IOstreams.csproj", "{7CCA358E-1AA1-4E54-BC8A-1D3E322DEBFB}"
EndProject
Global
	GlobalSection(SolutionConfigurationPlatforms) = preSolution
		Debug|Any CPU = Debug|Any CPU
		Release|Any CPU = Release|Any CPU
	EndGlobalSection
	GlobalSection(ProjectConfigurationPlatforms) = postSolution
		{7CCA358E-1AA1-4E54-BC8A-1D3E322DEBFB}.Debug|Any CPU.ActiveCfg = Debug|Any CPU
		{7CCA358E-1AA1-4E54-BC8A-1D3E322DEBFB}.Debug|Any CPU.Build.0 = Debug|Any CPU
		{7CCA358E-1AA1-4E54-BC8A-1D3E322DEBFB}.Release|Any CPU.ActiveCfg = Release|Any CPU
		{7CCA358E-1AA1-4E54-BC8A-1D3E322DEBFB}.Release|Any CPU.Build.0 = Release|Any CPU
	EndGlobalSection
	GlobalSection(SolutionProperties) = preSolution
		HideSolutionNode = FALSE
	EndGlobalSection
	GlobalSection(ExtensibilityGlobals) = postSolution
		SolutionGuid = {7F9C9C39-D543-4247-BC69-B21BB592F51D}
	EndGlobalSection
EndGlobal
